<?xml version="1.0" encoding="utf-8"?>
<Project ToolsVersion="4.0" xmlns="http://schemas.microsoft.com/developer/msbuild/2003">
  <ItemGroup>
    <Filter Include="00.System">
      <UniqueIdentifier>{cdaa125f-5648-47ab-80ba-b7922d5a7df0}</UniqueIdentifier>
    </Filter>
    <Filter Include="01.Utility">
      <UniqueIdentifier>{599b24c3-e4dc-4166-b11b-4328d4f93111}</UniqueIdentifier>
    </Filter>
    <Filter Include="00.System\00.Device">
      <UniqueIdentifier>{d795ca6a-a947-4904-8632-7b621c735014}</UniqueIdentifier>
    </Filter>
    <Filter Include="00.System\00.Device\Graphic">
      <UniqueIdentifier>{cb15a390-b7ae-41ac-99ff-c950d6977bca}</UniqueIdentifier>
    </Filter>
    <Filter Include="00.System\00.Device\Input">
      <UniqueIdentifier>{08969ce4-8318-449a-8854-b1228b6aaef7}</UniqueIdentifier>
    </Filter>
    <Filter Include="99.Defines">
      <UniqueIdentifier>{6fa5a56f-6cb9-4536-a3d9-7177ea3e24a7}</UniqueIdentifier>
    </Filter>
    <Filter Include="01.Utility\99.SuperClass">
      <UniqueIdentifier>{73f81c0c-93fd-442b-b59b-f9c62407f50f}</UniqueIdentifier>
    </Filter>
    <Filter Include="01.Utility\00.GameInstance">
      <UniqueIdentifier>{1a41f7bd-c9b4-4200-b31a-c366e8137fc1}</UniqueIdentifier>
    </Filter>
    <Filter Include="01.Utility\01.Timer">
      <UniqueIdentifier>{735533d4-9961-4b1b-bb22-95879981b8ce}</UniqueIdentifier>
    </Filter>
    <Filter Include="01.Utility\01.Timer\Manager">
      <UniqueIdentifier>{adcead2c-1418-4222-9b1f-2ffe704cc67b}</UniqueIdentifier>
    </Filter>
    <Filter Include="01.Utility\02.Level">
      <UniqueIdentifier>{28056497-94ab-4cfa-8115-6d982dcf4100}</UniqueIdentifier>
    </Filter>
    <Filter Include="01.Utility\02.Level\Manager">
      <UniqueIdentifier>{d88284e2-a41f-499b-8835-d597f450769b}</UniqueIdentifier>
    </Filter>
    <Filter Include="01.Utility\03.Object">
      <UniqueIdentifier>{1e0f7265-0808-40f5-b0af-a0b4c4d5e682}</UniqueIdentifier>
    </Filter>
    <Filter Include="01.Utility\03.Object\Manager">
      <UniqueIdentifier>{9d28baeb-f07b-4b8c-95c2-4b768757394a}</UniqueIdentifier>
    </Filter>
    <Filter Include="01.Utility\03.Object\Manager\Layer">
      <UniqueIdentifier>{2cb637e4-aa99-42e1-8cb0-854c6ff2107c}</UniqueIdentifier>
    </Filter>
    <Filter Include="01.Utility\04.Component">
      <UniqueIdentifier>{733b64c6-a5bf-4031-b428-54e4f82d3a2c}</UniqueIdentifier>
    </Filter>
    <Filter Include="01.Utility\04.Component\Manager">
      <UniqueIdentifier>{10c398f4-7f4e-4831-867f-faddcbbc32cd}</UniqueIdentifier>
    </Filter>
    <Filter Include="01.Utility\04.Component\Components">
      <UniqueIdentifier>{62b1917a-258f-4468-bb98-62e699e19c39}</UniqueIdentifier>
    </Filter>
    <Filter Include="01.Utility\04.Component\Components\VIBuffer">
      <UniqueIdentifier>{89a62d1e-b603-4e2a-a524-acc3a98ac937}</UniqueIdentifier>
    </Filter>
    <Filter Include="01.Utility\04.Component\Components\VIBuffer\Rect">
      <UniqueIdentifier>{91d411f2-f66b-4331-983a-cb85afa30513}</UniqueIdentifier>
    </Filter>
    <Filter Include="01.Utility\04.Component\Components\Renderer">
      <UniqueIdentifier>{d65a109c-00f7-4b83-aed2-124c4512979e}</UniqueIdentifier>
    </Filter>
    <Filter Include="01.Utility\04.Component\Components\Texture">
      <UniqueIdentifier>{4fde3175-2770-409b-a557-dd8fccc06ac5}</UniqueIdentifier>
    </Filter>
    <Filter Include="01.Utility\04.Component\Components\Transform">
      <UniqueIdentifier>{b63acae4-0c38-4464-9d75-2bd10f49372f}</UniqueIdentifier>
    </Filter>
    <Filter Include="01.Utility\04.Component\Components\VIBuffer\Terrain">
      <UniqueIdentifier>{ac8dcdde-6dc0-44f2-93eb-a4594ee1742a}</UniqueIdentifier>
    </Filter>
    <Filter Include="01.Utility\03.Object\Camera">
      <UniqueIdentifier>{fa651c7a-5db9-45e6-904b-7fac2a472bdc}</UniqueIdentifier>
    </Filter>
    <Filter Include="01.Utility\05.PipeLine">
      <UniqueIdentifier>{84381319-ec53-4c81-8630-a45981658d6c}</UniqueIdentifier>
    </Filter>
    <Filter Include="01.Utility\06.Lights">
      <UniqueIdentifier>{9da76f45-a8d2-4850-8976-ac5f7e2cdc01}</UniqueIdentifier>
    </Filter>
    <Filter Include="01.Utility\06.Lights\Manager">
      <UniqueIdentifier>{c2ed8f1c-6af5-4d0c-8d25-4b3e62e88ce5}</UniqueIdentifier>
    </Filter>
    <Filter Include="01.Utility\04.Component\Components\VIBuffer\Model">
      <UniqueIdentifier>{c47eb272-449e-48ac-b8f9-291cf999065d}</UniqueIdentifier>
    </Filter>
    <Filter Include="01.Utility\04.Component\Components\VIBuffer\Model\MeshContainer">
      <UniqueIdentifier>{d5d64c8e-ed9b-493d-a0d6-b89b480926d0}</UniqueIdentifier>
    </Filter>
    <Filter Include="01.Utility\04.Component\Components\VIBuffer\Model\HierarchyNode">
      <UniqueIdentifier>{ef75366d-ca54-4e0c-a03b-04a59579a84a}</UniqueIdentifier>
    </Filter>
    <Filter Include="01.Utility\04.Component\Components\VIBuffer\Model\Channel">
      <UniqueIdentifier>{0de5544d-170b-4aa7-ab4d-3ed6d2fd0619}</UniqueIdentifier>
    </Filter>
    <Filter Include="01.Utility\04.Component\Components\VIBuffer\Model\Animation">
      <UniqueIdentifier>{4aaa912f-abda-44e3-87bf-bf0b1a8e86c4}</UniqueIdentifier>
    </Filter>
    <Filter Include="00.System\00.Device\Font">
      <UniqueIdentifier>{1dbffa0c-af3b-474b-9c13-c9b9a78c4eb8}</UniqueIdentifier>
    </Filter>
    <Filter Include="02.DirectUtil">
      <UniqueIdentifier>{c7566fd9-beb1-443a-ab36-7c743780e369}</UniqueIdentifier>
    </Filter>
  </ItemGroup>
  <ItemGroup>
    <ClInclude Include="..\Public\Graphic_Device.h">
      <Filter>00.System\00.Device\Graphic</Filter>
    </ClInclude>
    <ClInclude Include="..\Public\Engine_Defines.h">
      <Filter>99.Defines</Filter>
    </ClInclude>
    <ClInclude Include="..\Public\Engine_Function.h">
      <Filter>99.Defines</Filter>
    </ClInclude>
    <ClInclude Include="..\Public\Engine_Macro.h">
      <Filter>99.Defines</Filter>
    </ClInclude>
    <ClInclude Include="..\Public\Engine_Typedef.h">
      <Filter>99.Defines</Filter>
    </ClInclude>
    <ClInclude Include="..\Public\Base.h">
      <Filter>01.Utility\99.SuperClass</Filter>
    </ClInclude>
    <ClInclude Include="..\Public\Timer.h">
      <Filter>01.Utility\01.Timer</Filter>
    </ClInclude>
    <ClInclude Include="..\Public\Timer_Manager.h">
      <Filter>01.Utility\01.Timer\Manager</Filter>
    </ClInclude>
    <ClInclude Include="..\public\GameInstance.h">
      <Filter>01.Utility\00.GameInstance</Filter>
    </ClInclude>
    <ClInclude Include="..\Public\Level.h">
      <Filter>01.Utility\02.Level</Filter>
    </ClInclude>
    <ClInclude Include="..\Public\Level_Manager.h">
      <Filter>01.Utility\02.Level\Manager</Filter>
    </ClInclude>
    <ClInclude Include="..\Public\GameObject.h">
      <Filter>01.Utility\03.Object</Filter>
    </ClInclude>
    <ClInclude Include="..\Public\Object_Manager.h">
      <Filter>01.Utility\03.Object\Manager</Filter>
    </ClInclude>
    <ClInclude Include="..\Public\Layer.h">
      <Filter>01.Utility\03.Object\Manager\Layer</Filter>
    </ClInclude>
    <ClInclude Include="..\Public\Component.h">
      <Filter>01.Utility\04.Component</Filter>
    </ClInclude>
    <ClInclude Include="..\Public\Component_Manager.h">
      <Filter>01.Utility\04.Component\Manager</Filter>
    </ClInclude>
    <ClInclude Include="..\public\VIBuffer.h">
      <Filter>01.Utility\04.Component\Components\VIBuffer</Filter>
    </ClInclude>
    <ClInclude Include="..\public\VIBuffer_Rect.h">
      <Filter>01.Utility\04.Component\Components\VIBuffer\Rect</Filter>
    </ClInclude>
    <ClInclude Include="..\Public\Engine_Struct.h">
      <Filter>99.Defines</Filter>
    </ClInclude>
    <ClInclude Include="..\Public\Renderer.h">
      <Filter>01.Utility\04.Component\Components\Renderer</Filter>
    </ClInclude>
    <ClInclude Include="..\public\Texture.h">
      <Filter>01.Utility\04.Component\Components\Texture</Filter>
    </ClInclude>
    <ClInclude Include="..\public\Transform.h">
      <Filter>01.Utility\04.Component\Components\Transform</Filter>
    </ClInclude>
    <ClInclude Include="..\Public\VIBuffer_Terrain.h">
      <Filter>01.Utility\04.Component\Components\VIBuffer\Terrain</Filter>
    </ClInclude>
    <ClInclude Include="..\Public\Camera.h">
      <Filter>01.Utility\03.Object\Camera</Filter>
    </ClInclude>
    <ClInclude Include="..\Public\PipeLine.h">
      <Filter>01.Utility\05.PipeLine</Filter>
    </ClInclude>
    <ClInclude Include="..\Public\Input_Device.h">
      <Filter>00.System\00.Device\Input</Filter>
    </ClInclude>
    <ClInclude Include="..\public\Light.h">
      <Filter>01.Utility\06.Lights</Filter>
    </ClInclude>
    <ClInclude Include="..\public\Light_Manager.h">
      <Filter>01.Utility\06.Lights\Manager</Filter>
    </ClInclude>
    <ClInclude Include="..\public\Model.h">
      <Filter>01.Utility\04.Component\Components\VIBuffer\Model</Filter>
    </ClInclude>
    <ClInclude Include="..\public\MeshContainer.h">
      <Filter>01.Utility\04.Component\Components\VIBuffer\Model\MeshContainer</Filter>
    </ClInclude>
    <ClInclude Include="..\Public\HierarchyNode.h">
      <Filter>01.Utility\04.Component\Components\VIBuffer\Model\HierarchyNode</Filter>
    </ClInclude>
    <ClInclude Include="..\Public\Animation.h">
      <Filter>01.Utility\04.Component\Components\VIBuffer\Model\Animation</Filter>
    </ClInclude>
    <ClInclude Include="..\Public\Channel.h">
      <Filter>01.Utility\04.Component\Components\VIBuffer\Model\Channel</Filter>
    </ClInclude>
    <ClInclude Include="..\Public\DirectFont.h">
      <Filter>00.System\00.Device\Font</Filter>
    </ClInclude>
    <ClInclude Include="..\Public\DXString.h">
      <Filter>02.DirectUtil</Filter>
    </ClInclude>
  </ItemGroup>
  <ItemGroup>
    <ClCompile Include="..\Private\Graphic_Device.cpp">
      <Filter>00.System\00.Device\Graphic</Filter>
    </ClCompile>
    <ClCompile Include="..\Private\Base.cpp">
      <Filter>01.Utility\99.SuperClass</Filter>
    </ClCompile>
    <ClCompile Include="..\Private\Timer.cpp">
      <Filter>01.Utility\01.Timer</Filter>
    </ClCompile>
    <ClCompile Include="..\Private\Timer_Manager.cpp">
      <Filter>01.Utility\01.Timer\Manager</Filter>
    </ClCompile>
    <ClCompile Include="..\private\GameInstance.cpp">
      <Filter>01.Utility\00.GameInstance</Filter>
    </ClCompile>
    <ClCompile Include="..\Private\Level.cpp">
      <Filter>01.Utility\02.Level</Filter>
    </ClCompile>
    <ClCompile Include="..\Private\Level_Manager.cpp">
      <Filter>01.Utility\02.Level\Manager</Filter>
    </ClCompile>
    <ClCompile Include="..\Private\GameObject.cpp">
      <Filter>01.Utility\03.Object</Filter>
    </ClCompile>
    <ClCompile Include="..\Private\Object_Manager.cpp">
      <Filter>01.Utility\03.Object\Manager</Filter>
    </ClCompile>
    <ClCompile Include="..\Private\Layer.cpp">
      <Filter>01.Utility\03.Object\Manager\Layer</Filter>
    </ClCompile>
    <ClCompile Include="..\Private\Component.cpp">
      <Filter>01.Utility\04.Component</Filter>
    </ClCompile>
    <ClCompile Include="..\Private\Component_Manager.cpp">
      <Filter>01.Utility\04.Component\Manager</Filter>
    </ClCompile>
    <ClCompile Include="..\private\VIBuffer.cpp">
      <Filter>01.Utility\04.Component\Components\VIBuffer</Filter>
    </ClCompile>
    <ClCompile Include="..\private\VIBuffer_Rect.cpp">
      <Filter>01.Utility\04.Component\Components\VIBuffer\Rect</Filter>
    </ClCompile>
    <ClCompile Include="..\Private\Renderer.cpp">
      <Filter>01.Utility\04.Component\Components\Renderer</Filter>
    </ClCompile>
    <ClCompile Include="..\private\Texture.cpp">
      <Filter>01.Utility\04.Component\Components\Texture</Filter>
    </ClCompile>
    <ClCompile Include="..\private\Transform.cpp">
      <Filter>01.Utility\04.Component\Components\Transform</Filter>
    </ClCompile>
    <ClCompile Include="..\Private\VIBuffer_Terrain.cpp">
      <Filter>01.Utility\04.Component\Components\VIBuffer\Terrain</Filter>
    </ClCompile>
    <ClCompile Include="..\Private\PipeLine.cpp">
      <Filter>01.Utility\05.PipeLine</Filter>
    </ClCompile>
    <ClCompile Include="..\Private\Camera.cpp">
      <Filter>01.Utility\03.Object\Camera</Filter>
    </ClCompile>
    <ClCompile Include="..\Private\Input_Device.cpp">
      <Filter>00.System\00.Device\Input</Filter>
    </ClCompile>
    <ClCompile Include="..\private\Light.cpp">
      <Filter>01.Utility\06.Lights</Filter>
    </ClCompile>
    <ClCompile Include="..\private\Light_Manager.cpp">
      <Filter>01.Utility\06.Lights\Manager</Filter>
    </ClCompile>
    <ClCompile Include="..\private\Model.cpp">
      <Filter>01.Utility\04.Component\Components\VIBuffer\Model</Filter>
    </ClCompile>
    <ClCompile Include="..\private\MeshContainer.cpp">
      <Filter>01.Utility\04.Component\Components\VIBuffer\Model\MeshContainer</Filter>
    </ClCompile>
    <ClCompile Include="..\Private\HierarchyNode.cpp">
      <Filter>01.Utility\04.Component\Components\VIBuffer\Model\HierarchyNode</Filter>
    </ClCompile>
    <ClCompile Include="..\Private\Animation.cpp">
      <Filter>01.Utility\04.Component\Components\VIBuffer\Model\Animation</Filter>
    </ClCompile>
    <ClCompile Include="..\Private\Channel.cpp">
      <Filter>01.Utility\04.Component\Components\VIBuffer\Model\Channel</Filter>
    </ClCompile>
    <ClCompile Include="..\Private\DirectFont.cpp">
      <Filter>00.System\00.Device\Font</Filter>
    </ClCompile>
    <ClCompile Include="..\Private\DXString.cpp">
      <Filter>02.DirectUtil</Filter>
    </ClCompile>
  </ItemGroup>
</Project>