<?xml version="1.0" encoding="utf-8"?>
<Project ToolsVersion="4.0" xmlns="http://schemas.microsoft.com/developer/msbuild/2003">
  <ItemGroup>
    <Filter Include="98.Default">
      <UniqueIdentifier>{42b97cfc-4c2e-45a7-b41e-47fa983783d9}</UniqueIdentifier>
    </Filter>
    <Filter Include="00.MainApp">
      <UniqueIdentifier>{2112ae04-738a-461d-a2ad-85f6933e1cd0}</UniqueIdentifier>
    </Filter>
    <Filter Include="01.Levels">
      <UniqueIdentifier>{e6364bd5-cd18-491b-9ac4-88a778fecd4b}</UniqueIdentifier>
    </Filter>
    <Filter Include="01.Levels\Logo">
      <UniqueIdentifier>{38916fc9-492a-437f-8b42-e323f23f4e1c}</UniqueIdentifier>
    </Filter>
    <Filter Include="01.Levels\GamePlay">
      <UniqueIdentifier>{a3c95c72-96b6-44be-aee2-b9e1c6fb131b}</UniqueIdentifier>
    </Filter>
    <Filter Include="01.Levels\Loading">
      <UniqueIdentifier>{9d620eef-8b54-49d7-8b7c-db877c79a8eb}</UniqueIdentifier>
    </Filter>
    <Filter Include="01.Levels\Loader">
      <UniqueIdentifier>{85692b24-e87c-4d3c-a33b-724ca80ab685}</UniqueIdentifier>
    </Filter>
    <Filter Include="02.GameObjects">
      <UniqueIdentifier>{f4b61966-bb53-4c04-8cd6-e01ee25c4a09}</UniqueIdentifier>
    </Filter>
    <Filter Include="97.ShaderFiles">
      <UniqueIdentifier>{086678cc-7e84-483a-b006-ffbfcff7958a}</UniqueIdentifier>
    </Filter>
    <Filter Include="02.GameObjects\Camera">
      <UniqueIdentifier>{9f950e22-1222-4d61-a4b6-91e9d7e63ceb}</UniqueIdentifier>
    </Filter>
    <Filter Include="97.ShaderFiles\Header">
      <UniqueIdentifier>{1f28af27-a403-4abe-8414-dbf3c2416300}</UniqueIdentifier>
    </Filter>
    <Filter Include="96.ImGUI">
      <UniqueIdentifier>{ef296e70-b85a-4179-a8e5-32e98a863054}</UniqueIdentifier>
    </Filter>
    <Filter Include="96.ImGUI\Manager">
      <UniqueIdentifier>{a94bd706-c001-4756-aae9-cb2fd31cb9bb}</UniqueIdentifier>
    </Filter>
    <Filter Include="96.ImGUI\Misc">
      <UniqueIdentifier>{6917045b-5f6d-4227-9ae0-c9935aca7462}</UniqueIdentifier>
    </Filter>
    <Filter Include="02.GameObjects\Effect">
      <UniqueIdentifier>{8ab00eb3-cb38-4f73-a9d2-8da21cf68f3a}</UniqueIdentifier>
    </Filter>
    <Filter Include="02.GameObjects\Effect\Point">
      <UniqueIdentifier>{68d35e64-2e62-4223-bf7d-33f056ab533d}</UniqueIdentifier>
    </Filter>
    <Filter Include="02.GameObjects\Effect\Rect">
      <UniqueIdentifier>{4567ec7a-cef9-4d32-b390-67c8f3985087}</UniqueIdentifier>
    </Filter>
    <Filter Include="02.GameObjects\BackGround">
      <UniqueIdentifier>{200f47cb-f1cb-4e83-80ce-d19086330117}</UniqueIdentifier>
    </Filter>
    <Filter Include="02.GameObjects\BackGround\Sky">
      <UniqueIdentifier>{b6c18cdc-745b-4bf7-ab44-d71635ff09be}</UniqueIdentifier>
    </Filter>
    <Filter Include="02.GameObjects\BackGround\Terrain">
      <UniqueIdentifier>{204c8264-365e-4a8b-a9c1-f2e7bea1d81a}</UniqueIdentifier>
    </Filter>
    <Filter Include="02.GameObjects\UI">
      <UniqueIdentifier>{a371ffd3-1db7-4273-ad1f-2852fecf46e9}</UniqueIdentifier>
    </Filter>
    <Filter Include="02.GameObjects\UI\HpNWrathBar">
      <UniqueIdentifier>{f8c9a431-3632-4cd0-b741-08fcaff70cb7}</UniqueIdentifier>
    </Filter>
    <Filter Include="02.GameObjects\UI\Skills">
      <UniqueIdentifier>{790b5223-21bd-4e92-9130-fe390c9a826f}</UniqueIdentifier>
    </Filter>
    <Filter Include="02.GameObjects\Player">
      <UniqueIdentifier>{677c8103-75d5-473c-9a67-2430b19bf57e}</UniqueIdentifier>
    </Filter>
    <Filter Include="02.GameObjects\Player\Fiona">
      <UniqueIdentifier>{362d310c-032a-4cd9-8ee2-969b9462314f}</UniqueIdentifier>
    </Filter>
    <Filter Include="02.GameObjects\Player\Fiona\Sword">
      <UniqueIdentifier>{4345b78b-db16-441d-90c7-ed0d810d28a4}</UniqueIdentifier>
    </Filter>
    <Filter Include="02.GameObjects\Player\War">
      <UniqueIdentifier>{f88cba2e-3e6e-44ce-b1c2-9c037c1a04b2}</UniqueIdentifier>
    </Filter>
    <Filter Include="02.GameObjects\Player\War\State">
      <UniqueIdentifier>{c01fa334-53fa-4160-b7be-5d17f69b8d24}</UniqueIdentifier>
    </Filter>
    <Filter Include="02.GameObjects\UI\Mouse">
      <UniqueIdentifier>{7c20b023-f3ff-4441-9319-491ae7df8716}</UniqueIdentifier>
    </Filter>
    <Filter Include="02.GameObjects\UI\Logo">
      <UniqueIdentifier>{f82d7855-fa3d-4c00-94e8-11cd6d42e4de}</UniqueIdentifier>
    </Filter>
    <Filter Include="02.GameObjects\BackGround\Loading">
      <UniqueIdentifier>{40f65736-d5ec-4866-bc7a-5fcdca6b20e2}</UniqueIdentifier>
    </Filter>
    <Filter Include="02.GameObjects\Object">
      <UniqueIdentifier>{5d49c096-dcb1-4be9-a98f-88f2c201b71a}</UniqueIdentifier>
    </Filter>
    <Filter Include="02.GameObjects\Object\Fork">
      <UniqueIdentifier>{c0f3ed93-c0c3-4ef7-9b33-04724e3b55fd}</UniqueIdentifier>
    </Filter>
    <Filter Include="02.GameObjects\BackGround\Enviroment">
      <UniqueIdentifier>{7948bdb3-cdd1-4237-acc7-e65e41f1f6ab}</UniqueIdentifier>
    </Filter>
    <Filter Include="97.ShaderFiles\Shaders">
      <UniqueIdentifier>{e211c7d6-11b9-4e14-8adb-2c719c94fcdd}</UniqueIdentifier>
    </Filter>
    <Filter Include="02.GameObjects\Monster">
      <UniqueIdentifier>{f838095b-17a1-4694-8fa7-c9e2c444d4c5}</UniqueIdentifier>
    </Filter>
    <Filter Include="02.GameObjects\Monster\Legion">
      <UniqueIdentifier>{2ffc106e-2578-48e1-9a67-70298c701686}</UniqueIdentifier>
    </Filter>
    <Filter Include="02.GameObjects\Monster\Goblin_Armor">
      <UniqueIdentifier>{32e884d9-3bf4-40cb-9e27-a0f6e2cdf1f0}</UniqueIdentifier>
    </Filter>
    <Filter Include="02.GameObjects\Monster\FallenDog">
      <UniqueIdentifier>{508a3dc3-e4c1-4847-a9c4-92b8ad99bbd5}</UniqueIdentifier>
    </Filter>
    <Filter Include="02.GameObjects\Monster\HollowLord">
      <UniqueIdentifier>{bba21b6b-b706-4169-8877-bfdb9f340ded}</UniqueIdentifier>
    </Filter>
    <Filter Include="97.ShaderFiles\FromDX11">
      <UniqueIdentifier>{4fa29561-5dee-487e-a939-55b8dfacffd7}</UniqueIdentifier>
    </Filter>
  </ItemGroup>
  <ItemGroup>
    <ClInclude Include="Client.h">
      <Filter>98.Default</Filter>
    </ClInclude>
    <ClInclude Include="Resource.h">
      <Filter>98.Default</Filter>
    </ClInclude>
    <ClInclude Include="stdafx.h">
      <Filter>98.Default</Filter>
    </ClInclude>
    <ClInclude Include="targetver.h">
      <Filter>98.Default</Filter>
    </ClInclude>
    <ClInclude Include="..\public\MainApp.h">
      <Filter>00.MainApp</Filter>
    </ClInclude>
    <ClInclude Include="..\Public\Level_Loading.h">
      <Filter>01.Levels\Loading</Filter>
    </ClInclude>
    <ClInclude Include="..\Public\Level_GamePlay.h">
      <Filter>01.Levels\GamePlay</Filter>
    </ClInclude>
    <ClInclude Include="..\Public\Level_Logo.h">
      <Filter>01.Levels\Logo</Filter>
    </ClInclude>
    <ClInclude Include="..\Public\Loader.h">
      <Filter>01.Levels\Loader</Filter>
    </ClInclude>
    <ClInclude Include="..\Public\Logo_BackGround.h">
      <Filter>02.GameObjects\UI\Logo</Filter>
    </ClInclude>
    <ClInclude Include="..\Public\Terrain.h">
      <Filter>02.GameObjects\BackGround\Terrain</Filter>
    </ClInclude>
    <ClInclude Include="..\Public\Camera_Fly.h">
      <Filter>02.GameObjects\Camera</Filter>
    </ClInclude>
    <ClInclude Include="..\ImGUI\imgui_Manager.h">
      <Filter>96.ImGUI\Manager</Filter>
    </ClInclude>
    <ClInclude Include="..\ImGUI\imconfig.h">
      <Filter>96.ImGUI\Misc</Filter>
    </ClInclude>
    <ClInclude Include="..\ImGUI\imgui.h">
      <Filter>96.ImGUI\Misc</Filter>
    </ClInclude>
    <ClInclude Include="..\ImGUI\imgui_impl_dx11.h">
      <Filter>96.ImGUI\Misc</Filter>
    </ClInclude>
    <ClInclude Include="..\ImGUI\imgui_impl_win32.h">
      <Filter>96.ImGUI\Misc</Filter>
    </ClInclude>
    <ClInclude Include="..\ImGUI\imgui_internal.h">
      <Filter>96.ImGUI\Misc</Filter>
    </ClInclude>
    <ClInclude Include="..\ImGUI\imstb_rectpack.h">
      <Filter>96.ImGUI\Misc</Filter>
    </ClInclude>
    <ClInclude Include="..\ImGUI\imstb_textedit.h">
      <Filter>96.ImGUI\Misc</Filter>
    </ClInclude>
    <ClInclude Include="..\ImGUI\imstb_truetype.h">
      <Filter>96.ImGUI\Misc</Filter>
    </ClInclude>
    <ClInclude Include="..\Public\Client_Defines.h">
      <Filter>98.Default</Filter>
    </ClInclude>
    <ClInclude Include="..\Public\Fork.h">
      <Filter>02.GameObjects\Object\Fork</Filter>
    </ClInclude>
    <ClInclude Include="..\Bin\ShaderFiles\Shader_Defines.hlsl">
      <Filter>97.ShaderFiles\Header</Filter>
    </ClInclude>
    <ClInclude Include="..\Public\LightHelper.h">
      <Filter>97.ShaderFiles\FromDX11</Filter>
    </ClInclude>
    <ClInclude Include="..\Public\Client_Extern.h">
      <Filter>98.Default</Filter>
    </ClInclude>
    <ClInclude Include="..\Public\War.h">
      <Filter>02.GameObjects\Player\War</Filter>
    </ClInclude>
    <ClInclude Include="..\Public\Player.h">
      <Filter>02.GameObjects\Player\Fiona</Filter>
    </ClInclude>
    <ClInclude Include="..\Public\Loading_BackGround.h">
      <Filter>02.GameObjects\BackGround\Loading</Filter>
    </ClInclude>
    <ClInclude Include="..\Public\Mouse.h">
      <Filter>02.GameObjects\UI\Mouse</Filter>
    </ClInclude>
    <ClInclude Include="..\Public\UI_War_Hp_n_Wrath_Bar.h">
      <Filter>02.GameObjects\UI\HpNWrathBar</Filter>
    </ClInclude>
    <ClInclude Include="..\Public\UI_War_Skills.h">
      <Filter>02.GameObjects\UI\Skills</Filter>
    </ClInclude>
    <ClInclude Include="..\Public\State_War.h">
      <Filter>02.GameObjects\Player\War\State</Filter>
    </ClInclude>
    <ClInclude Include="..\Public\Sword.h">
      <Filter>02.GameObjects\Player\Fiona\Sword</Filter>
    </ClInclude>
    <ClInclude Include="..\Public\RectEffect.h">
      <Filter>02.GameObjects\Effect\Rect</Filter>
    </ClInclude>
    <ClInclude Include="..\Public\Sky.h">
      <Filter>02.GameObjects\BackGround\Sky</Filter>
    </ClInclude>
    <ClInclude Include="..\Public\Enviroment.h">
      <Filter>02.GameObjects\BackGround\Enviroment</Filter>
    </ClInclude>
    <ClInclude Include="..\Public\PointEffect.h">
      <Filter>02.GameObjects\Effect\Point</Filter>
    </ClInclude>
    <ClInclude Include="..\Public\Monster\Monster.h">
      <Filter>02.GameObjects\Monster</Filter>
    </ClInclude>
    <ClInclude Include="..\Public\Monster\Legion.h">
      <Filter>02.GameObjects\Monster\Legion</Filter>
    </ClInclude>
    <ClInclude Include="..\Public\Monster\Goblin_Armor.h">
      <Filter>02.GameObjects\Monster\Goblin_Armor</Filter>
    </ClInclude>
    <ClInclude Include="..\Public\Monster\FallenDog.h">
      <Filter>02.GameObjects\Monster\FallenDog</Filter>
    </ClInclude>
    <ClInclude Include="..\Public\Monster\HollowLord.h">
      <Filter>02.GameObjects\Monster\HollowLord</Filter>
    </ClInclude>
  </ItemGroup>
  <ItemGroup>
    <ClCompile Include="Client.cpp">
      <Filter>98.Default</Filter>
    </ClCompile>
    <ClCompile Include="stdafx.cpp">
      <Filter>98.Default</Filter>
    </ClCompile>
    <ClCompile Include="..\private\MainApp.cpp">
      <Filter>00.MainApp</Filter>
    </ClCompile>
    <ClCompile Include="..\Private\Level_Loading.cpp">
      <Filter>01.Levels\Loading</Filter>
    </ClCompile>
    <ClCompile Include="..\Private\Level_GamePlay.cpp">
      <Filter>01.Levels\GamePlay</Filter>
    </ClCompile>
    <ClCompile Include="..\Private\Level_Logo.cpp">
      <Filter>01.Levels\Logo</Filter>
    </ClCompile>
    <ClCompile Include="..\Private\Loader.cpp">
      <Filter>01.Levels\Loader</Filter>
    </ClCompile>
    <ClCompile Include="..\Private\Logo_BackGround.cpp">
      <Filter>02.GameObjects\UI\Logo</Filter>
    </ClCompile>
    <ClCompile Include="..\Private\Terrain.cpp">
      <Filter>02.GameObjects\BackGround\Terrain</Filter>
    </ClCompile>
    <ClCompile Include="..\Private\Camera_Fly.cpp">
      <Filter>02.GameObjects\Camera</Filter>
    </ClCompile>
    <ClCompile Include="..\ImGUI\imgui_Manager.cpp">
      <Filter>96.ImGUI\Manager</Filter>
    </ClCompile>
    <ClCompile Include="..\ImGUI\imgui.cpp">
      <Filter>96.ImGUI\Misc</Filter>
    </ClCompile>
    <ClCompile Include="..\ImGUI\imgui_demo.cpp">
      <Filter>96.ImGUI\Misc</Filter>
    </ClCompile>
    <ClCompile Include="..\ImGUI\imgui_draw.cpp">
      <Filter>96.ImGUI\Misc</Filter>
    </ClCompile>
    <ClCompile Include="..\ImGUI\imgui_impl_dx11.cpp">
      <Filter>96.ImGUI\Misc</Filter>
    </ClCompile>
    <ClCompile Include="..\ImGUI\imgui_impl_win32.cpp">
      <Filter>96.ImGUI\Misc</Filter>
    </ClCompile>
    <ClCompile Include="..\ImGUI\imgui_tables.cpp">
      <Filter>96.ImGUI\Misc</Filter>
    </ClCompile>
    <ClCompile Include="..\ImGUI\imgui_widgets.cpp">
      <Filter>96.ImGUI\Misc</Filter>
    </ClCompile>
    <ClCompile Include="..\Private\Fork.cpp">
      <Filter>02.GameObjects\Object\Fork</Filter>
    </ClCompile>
    <ClCompile Include="..\Private\LightHelper.cpp">
      <Filter>97.ShaderFiles\FromDX11</Filter>
    </ClCompile>
    <ClCompile Include="..\Private\War.cpp">
      <Filter>02.GameObjects\Player\War</Filter>
    </ClCompile>
    <ClCompile Include="..\Private\Player.cpp">
      <Filter>02.GameObjects\Player\Fiona</Filter>
    </ClCompile>
    <ClCompile Include="..\Private\Loading_BackGround.cpp">
      <Filter>02.GameObjects\BackGround\Loading</Filter>
    </ClCompile>
    <ClCompile Include="..\Private\Mouse.cpp">
      <Filter>02.GameObjects\UI\Mouse</Filter>
    </ClCompile>
    <ClCompile Include="..\Private\UI_War_Hp_n_Wrath_Bar.cpp">
      <Filter>02.GameObjects\UI\HpNWrathBar</Filter>
    </ClCompile>
    <ClCompile Include="..\Private\UI_War_Skills.cpp">
      <Filter>02.GameObjects\UI\Skills</Filter>
    </ClCompile>
    <ClCompile Include="..\Private\State_War.cpp">
      <Filter>02.GameObjects\Player\War\State</Filter>
    </ClCompile>
    <ClCompile Include="..\Private\Sword.cpp">
      <Filter>02.GameObjects\Player\Fiona\Sword</Filter>
    </ClCompile>
    <ClCompile Include="..\Private\RectEffect.cpp">
      <Filter>02.GameObjects\Effect\Rect</Filter>
    </ClCompile>
    <ClCompile Include="..\Private\Sky.cpp">
      <Filter>02.GameObjects\BackGround\Sky</Filter>
    </ClCompile>
    <ClCompile Include="..\Private\Enviroment.cpp">
      <Filter>02.GameObjects\BackGround\Enviroment</Filter>
    </ClCompile>
    <ClCompile Include="..\Private\PointEffect.cpp">
      <Filter>02.GameObjects\Effect\Point</Filter>
    </ClCompile>
    <ClCompile Include="..\Private\Monster\Monster.cpp">
      <Filter>02.GameObjects\Monster</Filter>
    </ClCompile>
    <ClCompile Include="..\Private\Monster\Legion.cpp">
      <Filter>02.GameObjects\Monster\Legion</Filter>
    </ClCompile>
    <ClCompile Include="..\Private\Monster\Goblin_Armor.cpp">
      <Filter>02.GameObjects\Monster\Goblin_Armor</Filter>
    </ClCompile>
    <ClCompile Include="..\Private\Monster\FallenDog.cpp">
      <Filter>02.GameObjects\Monster\FallenDog</Filter>
    </ClCompile>
    <ClCompile Include="..\Private\Monster\HollowLord.cpp">
      <Filter>02.GameObjects\Monster\HollowLord</Filter>
    </ClCompile>
  </ItemGroup>
  <ItemGroup>
    <Image Include="Client.ico">
      <Filter>98.Default</Filter>
    </Image>
    <Image Include="small.ico">
      <Filter>98.Default</Filter>
    </Image>
  </ItemGroup>
  <ItemGroup>
    <ResourceCompile Include="Client.rc">
      <Filter>98.Default</Filter>
    </ResourceCompile>
  </ItemGroup>
  <ItemGroup>
    <FxCompile Include="..\Bin\ShaderFiles\LightHelper.hlsl">
      <Filter>97.ShaderFiles\Header</Filter>
    </FxCompile>
    <FxCompile Include="..\Bin\ShaderFiles\Shader_AnimMesh.hlsl">
      <Filter>97.ShaderFiles\Shaders</Filter>
    </FxCompile>
    <FxCompile Include="..\Bin\ShaderFiles\Shader_AnimMesh_Normal.hlsl">
      <Filter>97.ShaderFiles\Shaders</Filter>
    </FxCompile>
    <FxCompile Include="..\Bin\ShaderFiles\Shader_Cube.hlsl">
      <Filter>97.ShaderFiles\Shaders</Filter>
    </FxCompile>
    <FxCompile Include="..\Bin\ShaderFiles\Shader_Mesh.hlsl">
      <Filter>97.ShaderFiles\Shaders</Filter>
    </FxCompile>
    <FxCompile Include="..\Bin\ShaderFiles\Shader_Mesh_Normal.hlsl">
      <Filter>97.ShaderFiles\Shaders</Filter>
    </FxCompile>
    <FxCompile Include="..\Bin\ShaderFiles\Shader_PointInstance.hlsl">
      <Filter>97.ShaderFiles\Shaders</Filter>
    </FxCompile>
    <FxCompile Include="..\Bin\ShaderFiles\Shader_Rect.hlsl">
      <Filter>97.ShaderFiles\Shaders</Filter>
    </FxCompile>
    <FxCompile Include="..\Bin\ShaderFiles\Shader_RectInstance.hlsl">
      <Filter>97.ShaderFiles\Shaders</Filter>
    </FxCompile>
    <FxCompile Include="..\Bin\ShaderFiles\Shader_Sphere.hlsl">
      <Filter>97.ShaderFiles\Shaders</Filter>
    </FxCompile>
    <FxCompile Include="..\Bin\ShaderFiles\Shader_Terrain.hlsl">
      <Filter>97.ShaderFiles\Shaders</Filter>
    </FxCompile>
    <FxCompile Include="..\Bin\ShaderFiles\Shader_Terrain_Light.hlsl">
      <Filter>97.ShaderFiles\Shaders</Filter>
    </FxCompile>
    <FxCompile Include="..\Bin\ShaderFiles\Shader_Terrain_Shadow.hlsl">
      <Filter>97.ShaderFiles\Shaders</Filter>
    </FxCompile>
    <FxCompile Include="..\Bin\ShaderFiles\BuildShadowMap.hlsl">
      <Filter>97.ShaderFiles\FromDX11</Filter>
    </FxCompile>
    <FxCompile Include="..\Bin\ShaderFiles\Shader_MonsterHpBar_PointGs.hlsl">
      <Filter>97.ShaderFiles\Shaders</Filter>
    </FxCompile>
  </ItemGroup>
  <ItemGroup>
    <Text Include="ReadMe.txt">
      <Filter>98.Default</Filter>
    </Text>
  </ItemGroup>
</Project>